
Microsoft Visual Studio Solution File, Format Version 12.00
# Visual Studio 15
VisualStudioVersion = 15.0.27428.2037
MinimumVisualStudioVersion = 10.0.40219.1
Project("{FAE04EC0-301F-11D3-BF4B-00C04F79EFBC}") = "MVPProjectOne", "MVPProjectOne\MVPProjectOne.csproj", "{84707DD2-4C45-478C-B49C-DBC5E3769FEF}"
EndProject
Global
	GlobalSection(SolutionConfigurationPlatforms) = preSolution
		Debug|Any CPU = Debug|Any CPU
		Release|Any CPU = Release|Any CPU
	EndGlobalSection
	GlobalSection(ProjectConfigurationPlatforms) = postSolution
		{84707DD2-4C45-478C-B49C-DBC5E3769FEF}.Debug|Any CPU.ActiveCfg = Debug|Any CPU
		{84707DD2-4C45-478C-B49C-DBC5E3769FEF}.Debug|Any CPU.Build.0 = Debug|Any CPU
		{84707DD2-4C45-478C-B49C-DBC5E3769FEF}.Release|Any CPU.ActiveCfg = Release|Any CPU
		{84707DD2-4C45-478C-B49C-DBC5E3769FEF}.Release|Any CPU.Build.0 = Release|Any CPU
	EndGlobalSection
	GlobalSection(SolutionProperties) = preSolution
		HideSolutionNode = FALSE
	EndGlobalSection
	GlobalSection(ExtensibilityGlobals) = postSolution
		SolutionGuid = {4AEBC3AD-DFA9-46D0-8BCE-A6A51DFF3C31}
	EndGlobalSection
EndGlobal
